[{<<"common">>,
  {git,"https://github.com/joq62/common.git",
       {ref,"892ba39f39ccf37dde0b32ce62ce1bdc030136c7"}},
  0},
 {<<"config">>,
  {git,"https://github.com/joq62/config.git",
       {ref,"dd4716d85cf4a5ed43a32baedc5013ccd42fe6fd"}},
  0},
 {<<"etcd">>,
  {git,"https://github.com/joq62/etcd.git",
       {ref,"350e361157278ba32f970ce343675289dcc8787f"}},
  0},
 {<<"k3">>,
  {git,"https://github.com/joq62/k3.git",
       {ref,"cbe33d431f889b11db0dfac93d20890bd6993a90"}},
  0},
 {<<"node">>,
  {git,"https://github.com/joq62/node.git",
       {ref,"247afb10649abb856aacc672e60ec7b4cd57e494"}},
  0},
 {<<"nodelog">>,
  {git,"https://github.com/joq62/nodelog.git",
       {ref,"eeba6053f75e6e7ff37a190dc365aa53f7940d4a"}},
  0},
 {<<"sd">>,
  {git,"https://github.com/joq62/sd.git",
       {ref,"f63a300cdf028da59c6395414fbf011e38c8fda0"}},
  0}].
