[{<<"common">>,
  {git,"https://github.com/joq62/common.git",
       {ref,"f2ea0ecc9becd1bc7cfce9e146bdc061d6082a4a"}},
  0},
 {<<"config">>,
  {git,"https://github.com/joq62/config.git",
       {ref,"65f94e226edf576b25d3c77b31ab46ca38d847f8"}},
  0},
 {<<"etcd">>,
  {git,"https://github.com/joq62/etcd.git",
       {ref,"350e361157278ba32f970ce343675289dcc8787f"}},
  0},
 {<<"k3">>,
  {git,"https://github.com/joq62/k3.git",
       {ref,"cd3e94a46df77e0c3dff9927dcd75165d396a892"}},
  0},
 {<<"node">>,
  {git,"https://github.com/joq62/node.git",
       {ref,"c347017c9399200a7a6e3a89e77a3c6e8e1e0721"}},
  0},
 {<<"nodelog">>,
  {git,"https://github.com/joq62/nodelog.git",
       {ref,"72fb35990aa90e1f87a6c8b0706589d3701b1ae9"}},
  0},
 {<<"sd">>,
  {git,"https://github.com/joq62/sd.git",
       {ref,"7e16c940759bf58b477e2152180025d98ce0ba91"}},
  0}].
